{
  "name": "2.6-vue-source-document",
  "requires": true,
  "lockfileVersion": 1,
  "dependencies": {
    "flow-bin": {
      "version": "0.119.1",
      "resolved": "https://registry.npmjs.org/flow-bin/-/flow-bin-0.119.1.tgz",
      "integrity": "sha512-mX6qjJVi7aLqR9sDf8QIHt8yYEWQbkMLw7qFoC7sM/AbJwvqFm3pATPN96thsaL9o1rrshvxJpSgoj1PJSC3KA==",
      "dev": true
    }
  }
}
